// !$*UTF8*$!
{
	archiveVersion = 1;
	classes = {
	};
	objectVersion = 56;
	objects = {

/* Begin PBXBuildFile section */
		A517428B29DCCFB400DF67A1 /* LocationMarker.json in Resources */ = {isa = PBXBuildFile; fileRef = A517428A29DCCFB400DF67A1 /* LocationMarker.json */; };
		A51FCCBB29A78DB900619400 /* Double+Extension.swift in Sources */ = {isa = PBXBuildFile; fileRef = A51FCCBA29A78DB900619400 /* Double+Extension.swift */; };
		A530AFB329AE7DC20052A1A2 /* ForecastCollectionViewCell.swift in Sources */ = {isa = PBXBuildFile; fileRef = A530AFB229AE7DC20052A1A2 /* ForecastCollectionViewCell.swift */; };
		A5335FE82B94AD5000E704D1 /* WidgetKit.framework in Frameworks */ = {isa = PBXBuildFile; fileRef = A5335FE72B94AD5000E704D1 /* WidgetKit.framework */; };
		A5335FEA2B94AD5000E704D1 /* SwiftUI.framework in Frameworks */ = {isa = PBXBuildFile; fileRef = A5335FE92B94AD5000E704D1 /* SwiftUI.framework */; };
		A5335FED2B94AD5000E704D1 /* WeatherWidgetBundle.swift in Sources */ = {isa = PBXBuildFile; fileRef = A5335FEC2B94AD5000E704D1 /* WeatherWidgetBundle.swift */; };
		A5335FEF2B94AD5000E704D1 /* WeatherWidget.swift in Sources */ = {isa = PBXBuildFile; fileRef = A5335FEE2B94AD5000E704D1 /* WeatherWidget.swift */; };
		A5335FF12B94AD5100E704D1 /* Assets.xcassets in Resources */ = {isa = PBXBuildFile; fileRef = A5335FF02B94AD5100E704D1 /* Assets.xcassets */; };
		A5335FF52B94AD5100E704D1 /* WeatherWidgetExtension.appex in Embed Foundation Extensions */ = {isa = PBXBuildFile; fileRef = A5335FE52B94AD5000E704D1 /* WeatherWidgetExtension.appex */; settings = {ATTRIBUTES = (RemoveHeadersOnCopy, ); }; };
		A533D15A29DB02A800B9DBA3 /* birds.json in Resources */ = {isa = PBXBuildFile; fileRef = A533D15929DB02A800B9DBA3 /* birds.json */; };
		A54D092C2996EFDF007CF531 /* AppDelegate.swift in Sources */ = {isa = PBXBuildFile; fileRef = A54D092B2996EFDF007CF531 /* AppDelegate.swift */; };
		A54D092E2996EFDF007CF531 /* SceneDelegate.swift in Sources */ = {isa = PBXBuildFile; fileRef = A54D092D2996EFDF007CF531 /* SceneDelegate.swift */; };
		A54D09302996EFDF007CF531 /* ViewController.swift in Sources */ = {isa = PBXBuildFile; fileRef = A54D092F2996EFDF007CF531 /* ViewController.swift */; };
		A54D09332996EFDF007CF531 /* Main.storyboard in Resources */ = {isa = PBXBuildFile; fileRef = A54D09312996EFDF007CF531 /* Main.storyboard */; };
		A54D09352996EFE0007CF531 /* Assets.xcassets in Resources */ = {isa = PBXBuildFile; fileRef = A54D09342996EFE0007CF531 /* Assets.xcassets */; };
		A54D09382996EFE0007CF531 /* LaunchScreen.storyboard in Resources */ = {isa = PBXBuildFile; fileRef = A54D09362996EFE0007CF531 /* LaunchScreen.storyboard */; };
		A55A939E2997D2580004532B /* Alamofire in Frameworks */ = {isa = PBXBuildFile; productRef = A55A939D2997D2580004532B /* Alamofire */; };
		A59AB90B29A41BD00029EA4E /* DetailedForecastVC.swift in Sources */ = {isa = PBXBuildFile; fileRef = A59AB90A29A41BD00029EA4E /* DetailedForecastVC.swift */; };
		A5BE3E5B29AA6727001711DD /* View+Extension.swift in Sources */ = {isa = PBXBuildFile; fileRef = A5BE3E5A29AA6727001711DD /* View+Extension.swift */; };
		A5C24B292B94CE1800CE62B1 /* Lottie in Frameworks */ = {isa = PBXBuildFile; productRef = A5C24B282B94CE1800CE62B1 /* Lottie */; };
		A5C24B2B2B94CFD000CE62B1 /* Release.xcconfig in Resources */ = {isa = PBXBuildFile; fileRef = A5C24B2A2B94CFD000CE62B1 /* Release.xcconfig */; };
		A5D46C2229AF9C07001EC0B2 /* Int+Extension.swift in Sources */ = {isa = PBXBuildFile; fileRef = A5D46C2129AF9C07001EC0B2 /* Int+Extension.swift */; };
		A5E8869D29A6569900217C1B /* WeatherData.swift in Sources */ = {isa = PBXBuildFile; fileRef = A5E8869C29A6569900217C1B /* WeatherData.swift */; };
		A5E8869F29A656AA00217C1B /* WeatherManager.swift in Sources */ = {isa = PBXBuildFile; fileRef = A5E8869E29A656AA00217C1B /* WeatherManager.swift */; };
		A5E886A229A6630F00217C1B /* WeatherError.swift in Sources */ = {isa = PBXBuildFile; fileRef = A5E886A129A6630F00217C1B /* WeatherError.swift */; };
		A5E886A429A6634400217C1B /* WeatherDataFailure.swift in Sources */ = {isa = PBXBuildFile; fileRef = A5E886A329A6634400217C1B /* WeatherDataFailure.swift */; };
		A5E886A729A6665100217C1B /* Loaf in Frameworks */ = {isa = PBXBuildFile; productRef = A5E886A629A6665100217C1B /* Loaf */; };
/* End PBXBuildFile section */

/* Begin PBXContainerItemProxy section */
		A5335FF32B94AD5100E704D1 /* PBXContainerItemProxy */ = {
			isa = PBXContainerItemProxy;
			containerPortal = A54D09202996EFDF007CF531 /* Project object */;
			proxyType = 1;
			remoteGlobalIDString = A5335FE42B94AD5000E704D1;
			remoteInfo = WeatherWidgetExtension;
		};
/* End PBXContainerItemProxy section */

/* Begin PBXCopyFilesBuildPhase section */
		A5DC46A72B938CCC00D4CD06 /* Embed Foundation Extensions */ = {
			isa = PBXCopyFilesBuildPhase;
			buildActionMask = 2147483647;
			dstPath = "";
			dstSubfolderSpec = 13;
			files = (
				A5335FF52B94AD5100E704D1 /* WeatherWidgetExtension.appex in Embed Foundation Extensions */,
			);
			name = "Embed Foundation Extensions";
			runOnlyForDeploymentPostprocessing = 0;
		};
/* End PBXCopyFilesBuildPhase section */

/* Begin PBXFileReference section */
		A517428A29DCCFB400DF67A1 /* LocationMarker.json */ = {isa = PBXFileReference; fileEncoding = 4; lastKnownFileType = text.json; path = LocationMarker.json; sourceTree = "<group>"; };
		A51FCCBA29A78DB900619400 /* Double+Extension.swift */ = {isa = PBXFileReference; lastKnownFileType = sourcecode.swift; path = "Double+Extension.swift"; sourceTree = "<group>"; };
		A530AFB229AE7DC20052A1A2 /* ForecastCollectionViewCell.swift */ = {isa = PBXFileReference; lastKnownFileType = sourcecode.swift; path = ForecastCollectionViewCell.swift; sourceTree = "<group>"; };
		A5335FDF2B949AB700E704D1 /* Weather.entitlements */ = {isa = PBXFileReference; lastKnownFileType = text.plist.entitlements; path = Weather.entitlements; sourceTree = "<group>"; };
		A5335FE02B949BA400E704D1 /* WeatherWidgetExtension.entitlements */ = {isa = PBXFileReference; lastKnownFileType = text.plist.entitlements; path = WeatherWidgetExtension.entitlements; sourceTree = "<group>"; };
		A5335FE52B94AD5000E704D1 /* WeatherWidgetExtension.appex */ = {isa = PBXFileReference; explicitFileType = "wrapper.app-extension"; includeInIndex = 0; path = WeatherWidgetExtension.appex; sourceTree = BUILT_PRODUCTS_DIR; };
		A5335FE72B94AD5000E704D1 /* WidgetKit.framework */ = {isa = PBXFileReference; lastKnownFileType = wrapper.framework; name = WidgetKit.framework; path = System/Library/Frameworks/WidgetKit.framework; sourceTree = SDKROOT; };
		A5335FE92B94AD5000E704D1 /* SwiftUI.framework */ = {isa = PBXFileReference; lastKnownFileType = wrapper.framework; name = SwiftUI.framework; path = System/Library/Frameworks/SwiftUI.framework; sourceTree = SDKROOT; };
		A5335FEC2B94AD5000E704D1 /* WeatherWidgetBundle.swift */ = {isa = PBXFileReference; lastKnownFileType = sourcecode.swift; path = WeatherWidgetBundle.swift; sourceTree = "<group>"; };
		A5335FEE2B94AD5000E704D1 /* WeatherWidget.swift */ = {isa = PBXFileReference; lastKnownFileType = sourcecode.swift; path = WeatherWidget.swift; sourceTree = "<group>"; };
		A5335FF02B94AD5100E704D1 /* Assets.xcassets */ = {isa = PBXFileReference; lastKnownFileType = folder.assetcatalog; path = Assets.xcassets; sourceTree = "<group>"; };
		A5335FF22B94AD5100E704D1 /* Info.plist */ = {isa = PBXFileReference; lastKnownFileType = text.plist.xml; path = Info.plist; sourceTree = "<group>"; };
		A533D15929DB02A800B9DBA3 /* birds.json */ = {isa = PBXFileReference; fileEncoding = 4; lastKnownFileType = text.json; path = birds.json; sourceTree = "<group>"; };
		A54D09282996EFDF007CF531 /* Weather.app */ = {isa = PBXFileReference; explicitFileType = wrapper.application; includeInIndex = 0; path = Weather.app; sourceTree = BUILT_PRODUCTS_DIR; };
		A54D092B2996EFDF007CF531 /* AppDelegate.swift */ = {isa = PBXFileReference; lastKnownFileType = sourcecode.swift; path = AppDelegate.swift; sourceTree = "<group>"; };
		A54D092D2996EFDF007CF531 /* SceneDelegate.swift */ = {isa = PBXFileReference; lastKnownFileType = sourcecode.swift; path = SceneDelegate.swift; sourceTree = "<group>"; };
		A54D092F2996EFDF007CF531 /* ViewController.swift */ = {isa = PBXFileReference; lastKnownFileType = sourcecode.swift; path = ViewController.swift; sourceTree = "<group>"; };
		A54D09322996EFDF007CF531 /* Base */ = {isa = PBXFileReference; lastKnownFileType = file.storyboard; name = Base; path = Base.lproj/Main.storyboard; sourceTree = "<group>"; };
		A54D09342996EFE0007CF531 /* Assets.xcassets */ = {isa = PBXFileReference; lastKnownFileType = folder.assetcatalog; path = Assets.xcassets; sourceTree = "<group>"; };
		A54D09372996EFE0007CF531 /* Base */ = {isa = PBXFileReference; lastKnownFileType = file.storyboard; name = Base; path = Base.lproj/LaunchScreen.storyboard; sourceTree = "<group>"; };
		A54D09392996EFE0007CF531 /* Info.plist */ = {isa = PBXFileReference; lastKnownFileType = text.plist.xml; path = Info.plist; sourceTree = "<group>"; };
		A59AB90A29A41BD00029EA4E /* DetailedForecastVC.swift */ = {isa = PBXFileReference; lastKnownFileType = sourcecode.swift; path = DetailedForecastVC.swift; sourceTree = "<group>"; };
		A5BE3E5A29AA6727001711DD /* View+Extension.swift */ = {isa = PBXFileReference; lastKnownFileType = sourcecode.swift; path = "View+Extension.swift"; sourceTree = "<group>"; };
		A5C24B2A2B94CFD000CE62B1 /* Release.xcconfig */ = {isa = PBXFileReference; lastKnownFileType = text.xcconfig; path = Release.xcconfig; sourceTree = "<group>"; };
		A5D46C2129AF9C07001EC0B2 /* Int+Extension.swift */ = {isa = PBXFileReference; lastKnownFileType = sourcecode.swift; path = "Int+Extension.swift"; sourceTree = "<group>"; };
		A5DC46892B93652200D4CD06 /* Release.xcconfig */ = {isa = PBXFileReference; lastKnownFileType = text.xcconfig; path = Release.xcconfig; sourceTree = "<group>"; };
		A5E8869C29A6569900217C1B /* WeatherData.swift */ = {isa = PBXFileReference; lastKnownFileType = sourcecode.swift; path = WeatherData.swift; sourceTree = "<group>"; };
		A5E8869E29A656AA00217C1B /* WeatherManager.swift */ = {isa = PBXFileReference; lastKnownFileType = sourcecode.swift; path = WeatherManager.swift; sourceTree = "<group>"; };
		A5E886A129A6630F00217C1B /* WeatherError.swift */ = {isa = PBXFileReference; lastKnownFileType = sourcecode.swift; path = WeatherError.swift; sourceTree = "<group>"; };
		A5E886A329A6634400217C1B /* WeatherDataFailure.swift */ = {isa = PBXFileReference; lastKnownFileType = sourcecode.swift; path = WeatherDataFailure.swift; sourceTree = "<group>"; };
/* End PBXFileReference section */

/* Begin PBXFrameworksBuildPhase section */
		A5335FE22B94AD5000E704D1 /* Frameworks */ = {
			isa = PBXFrameworksBuildPhase;
			buildActionMask = 2147483647;
			files = (
				A5335FEA2B94AD5000E704D1 /* SwiftUI.framework in Frameworks */,
				A5335FE82B94AD5000E704D1 /* WidgetKit.framework in Frameworks */,
			);
			runOnlyForDeploymentPostprocessing = 0;
		};
		A54D09252996EFDF007CF531 /* Frameworks */ = {
			isa = PBXFrameworksBuildPhase;
			buildActionMask = 2147483647;
			files = (
				A55A939E2997D2580004532B /* Alamofire in Frameworks */,
				A5E886A729A6665100217C1B /* Loaf in Frameworks */,
				A5C24B292B94CE1800CE62B1 /* Lottie in Frameworks */,
			);
			runOnlyForDeploymentPostprocessing = 0;
		};
/* End PBXFrameworksBuildPhase section */

/* Begin PBXGroup section */
		A515D2CA29DEF37E007B4ACA /* API */ = {
			isa = PBXGroup;
			children = (
				A5E8869A29A6565000217C1B /* Model */,
				A5E8869B29A6566100217C1B /* Manager */,
			);
			path = API;
			sourceTree = "<group>";
		};
		A515D2CB29DEF3A5007B4ACA /* Core */ = {
			isa = PBXGroup;
			children = (
				A5E886A029A662FE00217C1B /* Enums */,
				A51FCCB929A78DA700619400 /* Extensions */,
			);
			path = Core;
			sourceTree = "<group>";
		};
		A515D2CC29DEF3DB007B4ACA /* Resources */ = {
			isa = PBXGroup;
			children = (
				A59AB90029A3E77E0029EA4E /* Animations */,
				A54D09342996EFE0007CF531 /* Assets.xcassets */,
				A54D09362996EFE0007CF531 /* LaunchScreen.storyboard */,
				A5DC46892B93652200D4CD06 /* Release.xcconfig */,
				A54D09392996EFE0007CF531 /* Info.plist */,
			);
			path = Resources;
			sourceTree = "<group>";
		};
		A515D2CD29DEF45A007B4ACA /* Cell */ = {
			isa = PBXGroup;
			children = (
				A530AFB229AE7DC20052A1A2 /* ForecastCollectionViewCell.swift */,
			);
			path = Cell;
			sourceTree = "<group>";
		};
		A51FCCB929A78DA700619400 /* Extensions */ = {
			isa = PBXGroup;
			children = (
				A51FCCBA29A78DB900619400 /* Double+Extension.swift */,
				A5D46C2129AF9C07001EC0B2 /* Int+Extension.swift */,
				A5BE3E5A29AA6727001711DD /* View+Extension.swift */,
			);
			path = Extensions;
			sourceTree = "<group>";
		};
		A5335FE62B94AD5000E704D1 /* Frameworks */ = {
			isa = PBXGroup;
			children = (
				A5335FE72B94AD5000E704D1 /* WidgetKit.framework */,
				A5335FE92B94AD5000E704D1 /* SwiftUI.framework */,
			);
			name = Frameworks;
			sourceTree = "<group>";
		};
		A5335FEB2B94AD5000E704D1 /* WeatherWidget */ = {
			isa = PBXGroup;
			children = (
				A5335FEC2B94AD5000E704D1 /* WeatherWidgetBundle.swift */,
				A5335FEE2B94AD5000E704D1 /* WeatherWidget.swift */,
				A5335FF02B94AD5100E704D1 /* Assets.xcassets */,
				A5335FF22B94AD5100E704D1 /* Info.plist */,
				A5C24B2A2B94CFD000CE62B1 /* Release.xcconfig */,
			);
			path = WeatherWidget;
			sourceTree = "<group>";
		};
		A54D091F2996EFDF007CF531 = {
			isa = PBXGroup;
			children = (
				A5335FE02B949BA400E704D1 /* WeatherWidgetExtension.entitlements */,
				A54D092A2996EFDF007CF531 /* Weather */,
				A5335FEB2B94AD5000E704D1 /* WeatherWidget */,
				A5335FE62B94AD5000E704D1 /* Frameworks */,
				A54D09292996EFDF007CF531 /* Products */,
			);
			sourceTree = "<group>";
		};
		A54D09292996EFDF007CF531 /* Products */ = {
			isa = PBXGroup;
			children = (
				A54D09282996EFDF007CF531 /* Weather.app */,
				A5335FE52B94AD5000E704D1 /* WeatherWidgetExtension.appex */,
			);
			name = Products;
			sourceTree = "<group>";
		};
		A54D092A2996EFDF007CF531 /* Weather */ = {
			isa = PBXGroup;
			children = (
				A5335FDF2B949AB700E704D1 /* Weather.entitlements */,
				A515D2CA29DEF37E007B4ACA /* API */,
				A54D09402996F055007CF531 /* Application */,
				A515D2CB29DEF3A5007B4ACA /* Core */,
				A54D09412996F066007CF531 /* Controllers */,
				A54D09422996F073007CF531 /* Storyboards */,
				A515D2CC29DEF3DB007B4ACA /* Resources */,
			);
			path = Weather;
			sourceTree = "<group>";
		};
		A54D09402996F055007CF531 /* Application */ = {
			isa = PBXGroup;
			children = (
				A54D092B2996EFDF007CF531 /* AppDelegate.swift */,
				A54D092D2996EFDF007CF531 /* SceneDelegate.swift */,
			);
			path = Application;
			sourceTree = "<group>";
		};
		A54D09412996F066007CF531 /* Controllers */ = {
			isa = PBXGroup;
			children = (
				A515D2CD29DEF45A007B4ACA /* Cell */,
				A54D092F2996EFDF007CF531 /* ViewController.swift */,
				A59AB90A29A41BD00029EA4E /* DetailedForecastVC.swift */,
			);
			path = Controllers;
			sourceTree = "<group>";
		};
		A54D09422996F073007CF531 /* Storyboards */ = {
			isa = PBXGroup;
			children = (
				A54D09312996EFDF007CF531 /* Main.storyboard */,
			);
			path = Storyboards;
			sourceTree = "<group>";
		};
		A59AB90029A3E77E0029EA4E /* Animations */ = {
			isa = PBXGroup;
			children = (
				A517428A29DCCFB400DF67A1 /* LocationMarker.json */,
				A533D15929DB02A800B9DBA3 /* birds.json */,
			);
			path = Animations;
			sourceTree = "<group>";
		};
		A5E8869A29A6565000217C1B /* Model */ = {
			isa = PBXGroup;
			children = (
				A5E8869C29A6569900217C1B /* WeatherData.swift */,
				A5E886A329A6634400217C1B /* WeatherDataFailure.swift */,
			);
			path = Model;
			sourceTree = "<group>";
		};
		A5E8869B29A6566100217C1B /* Manager */ = {
			isa = PBXGroup;
			children = (
				A5E8869E29A656AA00217C1B /* WeatherManager.swift */,
			);
			path = Manager;
			sourceTree = "<group>";
		};
		A5E886A029A662FE00217C1B /* Enums */ = {
			isa = PBXGroup;
			children = (
				A5E886A129A6630F00217C1B /* WeatherError.swift */,
			);
			path = Enums;
			sourceTree = "<group>";
		};
/* End PBXGroup section */

/* Begin PBXNativeTarget section */
		A5335FE42B94AD5000E704D1 /* WeatherWidgetExtension */ = {
			isa = PBXNativeTarget;
			buildConfigurationList = A5335FF62B94AD5100E704D1 /* Build configuration list for PBXNativeTarget "WeatherWidgetExtension" */;
			buildPhases = (
				A5335FE12B94AD5000E704D1 /* Sources */,
				A5335FE22B94AD5000E704D1 /* Frameworks */,
				A5335FE32B94AD5000E704D1 /* Resources */,
			);
			buildRules = (
			);
			dependencies = (
			);
			name = WeatherWidgetExtension;
			packageProductDependencies = (
			);
			productName = WeatherWidgetExtension;
			productReference = A5335FE52B94AD5000E704D1 /* WeatherWidgetExtension.appex */;
			productType = "com.apple.product-type.app-extension";
		};
		A54D09272996EFDF007CF531 /* Weather */ = {
			isa = PBXNativeTarget;
			buildConfigurationList = A54D093C2996EFE0007CF531 /* Build configuration list for PBXNativeTarget "Weather" */;
			buildPhases = (
				A54D09242996EFDF007CF531 /* Sources */,
				A54D09252996EFDF007CF531 /* Frameworks */,
				A54D09262996EFDF007CF531 /* Resources */,
				A5DC46A72B938CCC00D4CD06 /* Embed Foundation Extensions */,
			);
			buildRules = (
			);
			dependencies = (
				A5335FF42B94AD5100E704D1 /* PBXTargetDependency */,
			);
			name = Weather;
			packageProductDependencies = (
				A55A939D2997D2580004532B /* Alamofire */,
				A5E886A629A6665100217C1B /* Loaf */,
				A5C24B282B94CE1800CE62B1 /* Lottie */,
			);
			productName = Weather;
			productReference = A54D09282996EFDF007CF531 /* Weather.app */;
			productType = "com.apple.product-type.application";
		};
/* End PBXNativeTarget section */

/* Begin PBXProject section */
		A54D09202996EFDF007CF531 /* Project object */ = {
			isa = PBXProject;
			attributes = {
				BuildIndependentTargetsInParallel = 1;
				LastSwiftUpdateCheck = 1520;
				LastUpgradeCheck = 1520;
				TargetAttributes = {
					A5335FE42B94AD5000E704D1 = {
						CreatedOnToolsVersion = 15.2;
					};
					A54D09272996EFDF007CF531 = {
						CreatedOnToolsVersion = 14.2;
					};
				};
			};
			buildConfigurationList = A54D09232996EFDF007CF531 /* Build configuration list for PBXProject "Weather" */;
			compatibilityVersion = "Xcode 14.0";
			developmentRegion = en;
			hasScannedForEncodings = 0;
			knownRegions = (
				en,
				Base,
			);
			mainGroup = A54D091F2996EFDF007CF531;
			packageReferences = (
				A55A939C2997D2580004532B /* XCRemoteSwiftPackageReference "Alamofire" */,
				A5E886A529A6665100217C1B /* XCRemoteSwiftPackageReference "Loaf" */,
				A5C24B272B94CE1800CE62B1 /* XCRemoteSwiftPackageReference "lottie-ios" */,
			);
			productRefGroup = A54D09292996EFDF007CF531 /* Products */;
			projectDirPath = "";
			projectRoot = "";
			targets = (
				A54D09272996EFDF007CF531 /* Weather */,
				A5335FE42B94AD5000E704D1 /* WeatherWidgetExtension */,
			);
		};
/* End PBXProject section */

/* Begin PBXResourcesBuildPhase section */
		A5335FE32B94AD5000E704D1 /* Resources */ = {
			isa = PBXResourcesBuildPhase;
			buildActionMask = 2147483647;
			files = (
				A5335FF12B94AD5100E704D1 /* Assets.xcassets in Resources */,
			);
			runOnlyForDeploymentPostprocessing = 0;
		};
		A54D09262996EFDF007CF531 /* Resources */ = {
			isa = PBXResourcesBuildPhase;
			buildActionMask = 2147483647;
			files = (
				A54D09382996EFE0007CF531 /* LaunchScreen.storyboard in Resources */,
				A517428B29DCCFB400DF67A1 /* LocationMarker.json in Resources */,
				A5C24B2B2B94CFD000CE62B1 /* Release.xcconfig in Resources */,
				A54D09352996EFE0007CF531 /* Assets.xcassets in Resources */,
				A533D15A29DB02A800B9DBA3 /* birds.json in Resources */,
				A54D09332996EFDF007CF531 /* Main.storyboard in Resources */,
			);
			runOnlyForDeploymentPostprocessing = 0;
		};
/* End PBXResourcesBuildPhase section */

/* Begin PBXSourcesBuildPhase section */
		A5335FE12B94AD5000E704D1 /* Sources */ = {
			isa = PBXSourcesBuildPhase;
			buildActionMask = 2147483647;
			files = (
				A5335FEF2B94AD5000E704D1 /* WeatherWidget.swift in Sources */,
				A5335FED2B94AD5000E704D1 /* WeatherWidgetBundle.swift in Sources */,
			);
			runOnlyForDeploymentPostprocessing = 0;
		};
		A54D09242996EFDF007CF531 /* Sources */ = {
			isa = PBXSourcesBuildPhase;
			buildActionMask = 2147483647;
			files = (
				A54D09302996EFDF007CF531 /* ViewController.swift in Sources */,
				A5D46C2229AF9C07001EC0B2 /* Int+Extension.swift in Sources */,
				A54D092C2996EFDF007CF531 /* AppDelegate.swift in Sources */,
				A530AFB329AE7DC20052A1A2 /* ForecastCollectionViewCell.swift in Sources */,
				A5E886A429A6634400217C1B /* WeatherDataFailure.swift in Sources */,
				A5E8869F29A656AA00217C1B /* WeatherManager.swift in Sources */,
				A59AB90B29A41BD00029EA4E /* DetailedForecastVC.swift in Sources */,
				A54D092E2996EFDF007CF531 /* SceneDelegate.swift in Sources */,
				A5E8869D29A6569900217C1B /* WeatherData.swift in Sources */,
				A51FCCBB29A78DB900619400 /* Double+Extension.swift in Sources */,
				A5BE3E5B29AA6727001711DD /* View+Extension.swift in Sources */,
				A5E886A229A6630F00217C1B /* WeatherError.swift in Sources */,
			);
			runOnlyForDeploymentPostprocessing = 0;
		};
/* End PBXSourcesBuildPhase section */

/* Begin PBXTargetDependency section */
		A5335FF42B94AD5100E704D1 /* PBXTargetDependency */ = {
			isa = PBXTargetDependency;
			target = A5335FE42B94AD5000E704D1 /* WeatherWidgetExtension */;
			targetProxy = A5335FF32B94AD5100E704D1 /* PBXContainerItemProxy */;
		};
/* End PBXTargetDependency section */

/* Begin PBXVariantGroup section */
		A54D09312996EFDF007CF531 /* Main.storyboard */ = {
			isa = PBXVariantGroup;
			children = (
				A54D09322996EFDF007CF531 /* Base */,
			);
			name = Main.storyboard;
			sourceTree = "<group>";
		};
		A54D09362996EFE0007CF531 /* LaunchScreen.storyboard */ = {
			isa = PBXVariantGroup;
			children = (
				A54D09372996EFE0007CF531 /* Base */,
			);
			name = LaunchScreen.storyboard;
			sourceTree = "<group>";
		};
/* End PBXVariantGroup section */

/* Begin XCBuildConfiguration section */
		A5335FF72B94AD5100E704D1 /* Debug */ = {
			isa = XCBuildConfiguration;
			buildSettings = {
				APP_GROUP = group.com.konstantine.moonUpHill;
				ASSETCATALOG_COMPILER_GENERATE_SWIFT_ASSET_SYMBOL_EXTENSIONS = YES;
				ASSETCATALOG_COMPILER_GLOBAL_ACCENT_COLOR_NAME = AccentColor;
				ASSETCATALOG_COMPILER_WIDGET_BACKGROUND_COLOR_NAME = WidgetBackground;
				CODE_SIGN_ENTITLEMENTS = WeatherWidgetExtension.entitlements;
				CODE_SIGN_STYLE = Automatic;
				CURRENT_PROJECT_VERSION = 1;
				DEVELOPMENT_TEAM = NW6K64987Z;
				GCC_C_LANGUAGE_STANDARD = gnu17;
				GENERATE_INFOPLIST_FILE = YES;
				INFOPLIST_FILE = WeatherWidget/Info.plist;
				INFOPLIST_KEY_CFBundleDisplayName = WeatherWidget;
				INFOPLIST_KEY_NSHumanReadableCopyright = "";
				IPHONEOS_DEPLOYMENT_TARGET = 17.0;
				LD_RUNPATH_SEARCH_PATHS = (
					"$(inherited)",
					"@executable_path/Frameworks",
					"@executable_path/../../Frameworks",
				);
				LOCALIZATION_PREFERS_STRING_CATALOGS = YES;
				MARKETING_VERSION = 1.0;
				PRODUCT_BUNDLE_IDENTIFIER = com.konstantine.moonUpHill.WeatherWidget;
				PRODUCT_NAME = "$(TARGET_NAME)";
				SKIP_INSTALL = YES;
				SUPPORTED_PLATFORMS = "iphoneos iphonesimulator";
				SUPPORTS_MACCATALYST = NO;
				SUPPORTS_MAC_DESIGNED_FOR_IPHONE_IPAD = NO;
				SUPPORTS_XR_DESIGNED_FOR_IPHONE_IPAD = NO;
				SWIFT_ACTIVE_COMPILATION_CONDITIONS = "DEBUG $(inherited)";
				SWIFT_EMIT_LOC_STRINGS = YES;
				SWIFT_VERSION = 5.0;
				TARGETED_DEVICE_FAMILY = 1;
			};
			name = Debug;
		};
		A5335FF82B94AD5100E704D1 /* Release */ = {
			isa = XCBuildConfiguration;
			buildSettings = {
				APP_GROUP = group.com.konstantine.moonUpHill;
				ASSETCATALOG_COMPILER_GENERATE_SWIFT_ASSET_SYMBOL_EXTENSIONS = YES;
				ASSETCATALOG_COMPILER_GLOBAL_ACCENT_COLOR_NAME = AccentColor;
				ASSETCATALOG_COMPILER_WIDGET_BACKGROUND_COLOR_NAME = WidgetBackground;
				CODE_SIGN_ENTITLEMENTS = WeatherWidgetExtension.entitlements;
				CODE_SIGN_STYLE = Automatic;
				CURRENT_PROJECT_VERSION = 1;
				DEVELOPMENT_TEAM = NW6K64987Z;
				GCC_C_LANGUAGE_STANDARD = gnu17;
				GENERATE_INFOPLIST_FILE = YES;
				INFOPLIST_FILE = WeatherWidget/Info.plist;
				INFOPLIST_KEY_CFBundleDisplayName = WeatherWidget;
				INFOPLIST_KEY_NSHumanReadableCopyright = "";
				IPHONEOS_DEPLOYMENT_TARGET = 17.0;
				LD_RUNPATH_SEARCH_PATHS = (
					"$(inherited)",
					"@executable_path/Frameworks",
					"@executable_path/../../Frameworks",
				);
				LOCALIZATION_PREFERS_STRING_CATALOGS = YES;
				MARKETING_VERSION = 1.0;
				PRODUCT_BUNDLE_IDENTIFIER = com.konstantine.moonUpHill.WeatherWidget;
				PRODUCT_NAME = "$(TARGET_NAME)";
				SKIP_INSTALL = YES;
				SUPPORTED_PLATFORMS = "iphoneos iphonesimulator";
				SUPPORTS_MACCATALYST = NO;
				SUPPORTS_MAC_DESIGNED_FOR_IPHONE_IPAD = NO;
				SUPPORTS_XR_DESIGNED_FOR_IPHONE_IPAD = NO;
				SWIFT_EMIT_LOC_STRINGS = YES;
				SWIFT_VERSION = 5.0;
				TARGETED_DEVICE_FAMILY = 1;
			};
			name = Release;
		};
		A54D093A2996EFE0007CF531 /* Debug */ = {
			isa = XCBuildConfiguration;
			buildSettings = {
				ALWAYS_SEARCH_USER_PATHS = NO;
				CLANG_ANALYZER_NONNULL = YES;
				CLANG_ANALYZER_NUMBER_OBJECT_CONVERSION = YES_AGGRESSIVE;
				CLANG_CXX_LANGUAGE_STANDARD = "gnu++20";
				CLANG_ENABLE_MODULES = YES;
				CLANG_ENABLE_OBJC_ARC = YES;
				CLANG_ENABLE_OBJC_WEAK = YES;
				CLANG_WARN_BLOCK_CAPTURE_AUTORELEASING = YES;
				CLANG_WARN_BOOL_CONVERSION = YES;
				CLANG_WARN_COMMA = YES;
				CLANG_WARN_CONSTANT_CONVERSION = YES;
				CLANG_WARN_DEPRECATED_OBJC_IMPLEMENTATIONS = YES;
				CLANG_WARN_DIRECT_OBJC_ISA_USAGE = YES_ERROR;
				CLANG_WARN_DOCUMENTATION_COMMENTS = YES;
				CLANG_WARN_EMPTY_BODY = YES;
				CLANG_WARN_ENUM_CONVERSION = YES;
				CLANG_WARN_INFINITE_RECURSION = YES;
				CLANG_WARN_INT_CONVERSION = YES;
				CLANG_WARN_NON_LITERAL_NULL_CONVERSION = YES;
				CLANG_WARN_OBJC_IMPLICIT_RETAIN_SELF = YES;
				CLANG_WARN_OBJC_LITERAL_CONVERSION = YES;
				CLANG_WARN_OBJC_ROOT_CLASS = YES_ERROR;
				CLANG_WARN_QUOTED_INCLUDE_IN_FRAMEWORK_HEADER = YES;
				CLANG_WARN_RANGE_LOOP_ANALYSIS = YES;
				CLANG_WARN_STRICT_PROTOTYPES = YES;
				CLANG_WARN_SUSPICIOUS_MOVE = YES;
				CLANG_WARN_UNGUARDED_AVAILABILITY = YES_AGGRESSIVE;
				CLANG_WARN_UNREACHABLE_CODE = YES;
				CLANG_WARN__DUPLICATE_METHOD_MATCH = YES;
				COPY_PHASE_STRIP = NO;
				DEBUG_INFORMATION_FORMAT = dwarf;
				ENABLE_STRICT_OBJC_MSGSEND = YES;
				ENABLE_TESTABILITY = YES;
				ENABLE_USER_SCRIPT_SANDBOXING = YES;
				GCC_C_LANGUAGE_STANDARD = gnu11;
				GCC_DYNAMIC_NO_PIC = NO;
				GCC_NO_COMMON_BLOCKS = YES;
				GCC_OPTIMIZATION_LEVEL = 0;
				GCC_PREPROCESSOR_DEFINITIONS = (
					"DEBUG=1",
					"$(inherited)",
				);
				GCC_WARN_64_TO_32_BIT_CONVERSION = YES;
				GCC_WARN_ABOUT_RETURN_TYPE = YES_ERROR;
				GCC_WARN_UNDECLARED_SELECTOR = YES;
				GCC_WARN_UNINITIALIZED_AUTOS = YES_AGGRESSIVE;
				GCC_WARN_UNUSED_FUNCTION = YES;
				GCC_WARN_UNUSED_VARIABLE = YES;
				IPHONEOS_DEPLOYMENT_TARGET = 16.0;
				MTL_ENABLE_DEBUG_INFO = INCLUDE_SOURCE;
				MTL_FAST_MATH = YES;
				ONLY_ACTIVE_ARCH = YES;
				SDKROOT = iphoneos;
				SWIFT_ACTIVE_COMPILATION_CONDITIONS = DEBUG;
				SWIFT_OPTIMIZATION_LEVEL = "-Onone";
			};
			name = Debug;
		};
		A54D093B2996EFE0007CF531 /* Release */ = {
			isa = XCBuildConfiguration;
			buildSettings = {
				ALWAYS_SEARCH_USER_PATHS = NO;
				CLANG_ANALYZER_NONNULL = YES;
				CLANG_ANALYZER_NUMBER_OBJECT_CONVERSION = YES_AGGRESSIVE;
				CLANG_CXX_LANGUAGE_STANDARD = "gnu++20";
				CLANG_ENABLE_MODULES = YES;
				CLANG_ENABLE_OBJC_ARC = YES;
				CLANG_ENABLE_OBJC_WEAK = YES;
				CLANG_WARN_BLOCK_CAPTURE_AUTORELEASING = YES;
				CLANG_WARN_BOOL_CONVERSION = YES;
				CLANG_WARN_COMMA = YES;
				CLANG_WARN_CONSTANT_CONVERSION = YES;
				CLANG_WARN_DEPRECATED_OBJC_IMPLEMENTATIONS = YES;
				CLANG_WARN_DIRECT_OBJC_ISA_USAGE = YES_ERROR;
				CLANG_WARN_DOCUMENTATION_COMMENTS = YES;
				CLANG_WARN_EMPTY_BODY = YES;
				CLANG_WARN_ENUM_CONVERSION = YES;
				CLANG_WARN_INFINITE_RECURSION = YES;
				CLANG_WARN_INT_CONVERSION = YES;
				CLANG_WARN_NON_LITERAL_NULL_CONVERSION = YES;
				CLANG_WARN_OBJC_IMPLICIT_RETAIN_SELF = YES;
				CLANG_WARN_OBJC_LITERAL_CONVERSION = YES;
				CLANG_WARN_OBJC_ROOT_CLASS = YES_ERROR;
				CLANG_WARN_QUOTED_INCLUDE_IN_FRAMEWORK_HEADER = YES;
				CLANG_WARN_RANGE_LOOP_ANALYSIS = YES;
				CLANG_WARN_STRICT_PROTOTYPES = YES;
				CLANG_WARN_SUSPICIOUS_MOVE = YES;
				CLANG_WARN_UNGUARDED_AVAILABILITY = YES_AGGRESSIVE;
				CLANG_WARN_UNREACHABLE_CODE = YES;
				CLANG_WARN__DUPLICATE_METHOD_MATCH = YES;
				COPY_PHASE_STRIP = NO;
				DEBUG_INFORMATION_FORMAT = "dwarf-with-dsym";
				ENABLE_NS_ASSERTIONS = NO;
				ENABLE_STRICT_OBJC_MSGSEND = YES;
				ENABLE_USER_SCRIPT_SANDBOXING = YES;
				GCC_C_LANGUAGE_STANDARD = gnu11;
				GCC_NO_COMMON_BLOCKS = YES;
				GCC_WARN_64_TO_32_BIT_CONVERSION = YES;
				GCC_WARN_ABOUT_RETURN_TYPE = YES_ERROR;
				GCC_WARN_UNDECLARED_SELECTOR = YES;
				GCC_WARN_UNINITIALIZED_AUTOS = YES_AGGRESSIVE;
				GCC_WARN_UNUSED_FUNCTION = YES;
				GCC_WARN_UNUSED_VARIABLE = YES;
				IPHONEOS_DEPLOYMENT_TARGET = 16.0;
				MTL_ENABLE_DEBUG_INFO = NO;
				MTL_FAST_MATH = YES;
				SDKROOT = iphoneos;
				SWIFT_COMPILATION_MODE = wholemodule;
				SWIFT_OPTIMIZATION_LEVEL = "-O";
				VALIDATE_PRODUCT = YES;
			};
			name = Release;
		};
		A54D093D2996EFE0007CF531 /* Debug */ = {
			isa = XCBuildConfiguration;
			buildSettings = {
				ALWAYS_EMBED_SWIFT_STANDARD_LIBRARIES = YES;
				API_KEY = a1f8100b3fac9d0771123ea99dc27a04;
				APP_GROUP = group.com.konstantine.moonUpHill;
				ASSETCATALOG_COMPILER_APPICON_NAME = AppIcon;
				ASSETCATALOG_COMPILER_GLOBAL_ACCENT_COLOR_NAME = AccentColor;
				CODE_SIGN_ENTITLEMENTS = Weather/Weather.entitlements;
				CODE_SIGN_STYLE = Automatic;
				CURRENT_PROJECT_VERSION = 1;
				DEVELOPMENT_TEAM = NW6K64987Z;
				GENERATE_INFOPLIST_FILE = YES;
				INFOPLIST_FILE = Weather/Resources/Info.plist;
				INFOPLIST_KEY_CFBundleDisplayName = MoonUpHill;
				INFOPLIST_KEY_LSApplicationCategoryType = "public.app-category.weather";
				INFOPLIST_KEY_NSLocationWhenInUseUsageDescription = "Your location is required to show your local weather.";
				INFOPLIST_KEY_UIApplicationSupportsIndirectInputEvents = YES;
				INFOPLIST_KEY_UILaunchStoryboardName = LaunchScreen.storyboard;
				INFOPLIST_KEY_UIMainStoryboardFile = Main;
				INFOPLIST_KEY_UIRequiresFullScreen = YES;
				INFOPLIST_KEY_UIStatusBarStyle = "";
				INFOPLIST_KEY_UISupportedInterfaceOrientations = UIInterfaceOrientationPortrait;
				INFOPLIST_KEY_UISupportedInterfaceOrientations_iPad = "UIInterfaceOrientationPortrait UIInterfaceOrientationPortraitUpsideDown";
				IPHONEOS_DEPLOYMENT_TARGET = 16.0;
				LD_RUNPATH_SEARCH_PATHS = (
					"$(inherited)",
					"@executable_path/Frameworks",
				);
				MARKETING_VERSION = 1.0;
				PRODUCT_BUNDLE_IDENTIFIER = com.konstantine.moonUpHill;
				PRODUCT_NAME = "$(TARGET_NAME)";
				SUPPORTED_PLATFORMS = "iphoneos iphonesimulator";
				SUPPORTS_MACCATALYST = NO;
				SUPPORTS_MAC_DESIGNED_FOR_IPHONE_IPAD = NO;
				SUPPORTS_XR_DESIGNED_FOR_IPHONE_IPAD = NO;
				SWIFT_EMIT_LOC_STRINGS = YES;
				SWIFT_VERSION = 5.0;
				TARGETED_DEVICE_FAMILY = 1;
			};
			name = Debug;
		};
		A54D093E2996EFE0007CF531 /* Release */ = {
			isa = XCBuildConfiguration;
			buildSettings = {
				ALWAYS_EMBED_SWIFT_STANDARD_LIBRARIES = YES;
				API_KEY = a1f8100b3fac9d0771123ea99dc27a04;
				APP_GROUP = group.com.konstantine.moonUpHill;
				ASSETCATALOG_COMPILER_APPICON_NAME = AppIcon;
				ASSETCATALOG_COMPILER_GLOBAL_ACCENT_COLOR_NAME = AccentColor;
				CODE_SIGN_ENTITLEMENTS = Weather/Weather.entitlements;
				CODE_SIGN_STYLE = Automatic;
				CURRENT_PROJECT_VERSION = 1;
				DEVELOPMENT_TEAM = NW6K64987Z;
				GENERATE_INFOPLIST_FILE = YES;
				INFOPLIST_FILE = Weather/Resources/Info.plist;
				INFOPLIST_KEY_CFBundleDisplayName = MoonUpHill;
				INFOPLIST_KEY_LSApplicationCategoryType = "public.app-category.weather";
				INFOPLIST_KEY_NSLocationWhenInUseUsageDescription = "Your location is required to show your local weather.";
				INFOPLIST_KEY_UIApplicationSupportsIndirectInputEvents = YES;
				INFOPLIST_KEY_UILaunchStoryboardName = LaunchScreen.storyboard;
				INFOPLIST_KEY_UIMainStoryboardFile = Main;
				INFOPLIST_KEY_UIRequiresFullScreen = YES;
				INFOPLIST_KEY_UIStatusBarStyle = "";
				INFOPLIST_KEY_UISupportedInterfaceOrientations = UIInterfaceOrientationPortrait;
				INFOPLIST_KEY_UISupportedInterfaceOrientations_iPad = "UIInterfaceOrientationPortrait UIInterfaceOrientationPortraitUpsideDown";
				IPHONEOS_DEPLOYMENT_TARGET = 16.0;
				LD_RUNPATH_SEARCH_PATHS = (
					"$(inherited)",
					"@executable_path/Frameworks",
				);
				MARKETING_VERSION = 1.0;
				PRODUCT_BUNDLE_IDENTIFIER = com.konstantine.moonUpHill;
				PRODUCT_NAME = "$(TARGET_NAME)";
				SUPPORTED_PLATFORMS = "iphoneos iphonesimulator";
				SUPPORTS_MACCATALYST = NO;
				SUPPORTS_MAC_DESIGNED_FOR_IPHONE_IPAD = NO;
				SUPPORTS_XR_DESIGNED_FOR_IPHONE_IPAD = NO;
				SWIFT_EMIT_LOC_STRINGS = YES;
				SWIFT_VERSION = 5.0;
				TARGETED_DEVICE_FAMILY = 1;
			};
			name = Release;
		};
/* End XCBuildConfiguration section */

/* Begin XCConfigurationList section */
		A5335FF62B94AD5100E704D1 /* Build configuration list for PBXNativeTarget "WeatherWidgetExtension" */ = {
			isa = XCConfigurationList;
			buildConfigurations = (
				A5335FF72B94AD5100E704D1 /* Debug */,
				A5335FF82B94AD5100E704D1 /* Release */,
			);
			defaultConfigurationIsVisible = 0;
			defaultConfigurationName = Release;
		};
		A54D09232996EFDF007CF531 /* Build configuration list for PBXProject "Weather" */ = {
			isa = XCConfigurationList;
			buildConfigurations = (
				A54D093A2996EFE0007CF531 /* Debug */,
				A54D093B2996EFE0007CF531 /* Release */,
			);
			defaultConfigurationIsVisible = 0;
			defaultConfigurationName = Release;
		};
		A54D093C2996EFE0007CF531 /* Build configuration list for PBXNativeTarget "Weather" */ = {
			isa = XCConfigurationList;
			buildConfigurations = (
				A54D093D2996EFE0007CF531 /* Debug */,
				A54D093E2996EFE0007CF531 /* Release */,
			);
			defaultConfigurationIsVisible = 0;
			defaultConfigurationName = Release;
		};
/* End XCConfigurationList section */

/* Begin XCRemoteSwiftPackageReference section */
		A55A939C2997D2580004532B /* XCRemoteSwiftPackageReference "Alamofire" */ = {
			isa = XCRemoteSwiftPackageReference;
			repositoryURL = "https://github.com/Alamofire/Alamofire";
			requirement = {
				kind = upToNextMajorVersion;
				minimumVersion = 5.0.0;
			};
		};
		A5C24B272B94CE1800CE62B1 /* XCRemoteSwiftPackageReference "lottie-ios" */ = {
			isa = XCRemoteSwiftPackageReference;
			repositoryURL = "https://github.com/airbnb/lottie-ios";
			requirement = {
				kind = upToNextMajorVersion;
				minimumVersion = 4.4.1;
			};
		};
		A5E886A529A6665100217C1B /* XCRemoteSwiftPackageReference "Loaf" */ = {
			isa = XCRemoteSwiftPackageReference;
			repositoryURL = "https://github.com/schmidyy/Loaf";
			requirement = {
				kind = upToNextMajorVersion;
				minimumVersion = 0.7.0;
			};
		};
/* End XCRemoteSwiftPackageReference section */

/* Begin XCSwiftPackageProductDependency section */
		A55A939D2997D2580004532B /* Alamofire */ = {
			isa = XCSwiftPackageProductDependency;
			package = A55A939C2997D2580004532B /* XCRemoteSwiftPackageReference "Alamofire" */;
			productName = Alamofire;
		};
		A5C24B282B94CE1800CE62B1 /* Lottie */ = {
			isa = XCSwiftPackageProductDependency;
			package = A5C24B272B94CE1800CE62B1 /* XCRemoteSwiftPackageReference "lottie-ios" */;
			productName = Lottie;
		};
		A5E886A629A6665100217C1B /* Loaf */ = {
			isa = XCSwiftPackageProductDependency;
			package = A5E886A529A6665100217C1B /* XCRemoteSwiftPackageReference "Loaf" */;
			productName = Loaf;
		};
/* End XCSwiftPackageProductDependency section */
	};
	rootObject = A54D09202996EFDF007CF531 /* Project object */;
}
