// !$*UTF8*$!
{
	archiveVersion = 1;
	classes = {
	};
	objectVersion = 56;
	objects = {

/* Begin PBXBuildFile section */
		A51FCCBB29A78DB900619400 /* Double+Extension.swift in Sources */ = {isa = PBXBuildFile; fileRef = A51FCCBA29A78DB900619400 /* Double+Extension.swift */; };
		A51FCCBE29A78F8700619400 /* WeatherViewControllerDelegate.swift in Sources */ = {isa = PBXBuildFile; fileRef = A51FCCBD29A78F8700619400 /* WeatherViewControllerDelegate.swift */; };
		A530AFB329AE7DC20052A1A2 /* ForecastCollectionViewCell.swift in Sources */ = {isa = PBXBuildFile; fileRef = A530AFB229AE7DC20052A1A2 /* ForecastCollectionViewCell.swift */; };
		A530AFBA29AE90A40052A1A2 /* SwiftyJSON in Frameworks */ = {isa = PBXBuildFile; productRef = A530AFB929AE90A40052A1A2 /* SwiftyJSON */; };
		A54D092C2996EFDF007CF531 /* AppDelegate.swift in Sources */ = {isa = PBXBuildFile; fileRef = A54D092B2996EFDF007CF531 /* AppDelegate.swift */; };
		A54D092E2996EFDF007CF531 /* SceneDelegate.swift in Sources */ = {isa = PBXBuildFile; fileRef = A54D092D2996EFDF007CF531 /* SceneDelegate.swift */; };
		A54D09302996EFDF007CF531 /* ViewController.swift in Sources */ = {isa = PBXBuildFile; fileRef = A54D092F2996EFDF007CF531 /* ViewController.swift */; };
		A54D09332996EFDF007CF531 /* Main.storyboard in Resources */ = {isa = PBXBuildFile; fileRef = A54D09312996EFDF007CF531 /* Main.storyboard */; };
		A54D09352996EFE0007CF531 /* Assets.xcassets in Resources */ = {isa = PBXBuildFile; fileRef = A54D09342996EFE0007CF531 /* Assets.xcassets */; };
		A54D09382996EFE0007CF531 /* LaunchScreen.storyboard in Resources */ = {isa = PBXBuildFile; fileRef = A54D09362996EFE0007CF531 /* LaunchScreen.storyboard */; };
		A55A939E2997D2580004532B /* Alamofire in Frameworks */ = {isa = PBXBuildFile; productRef = A55A939D2997D2580004532B /* Alamofire */; };
		A59AB90229A3E79A0029EA4E /* locationMarker.json in Resources */ = {isa = PBXBuildFile; fileRef = A59AB90129A3E79A0029EA4E /* locationMarker.json */; };
		A59AB90529A3E7C50029EA4E /* Lottie in Frameworks */ = {isa = PBXBuildFile; productRef = A59AB90429A3E7C50029EA4E /* Lottie */; };
		A59AB90729A3FEB50029EA4E /* launchScreen.json in Resources */ = {isa = PBXBuildFile; fileRef = A59AB90629A3FEB50029EA4E /* launchScreen.json */; };
		A59AB90B29A41BD00029EA4E /* ForecastVC.swift in Sources */ = {isa = PBXBuildFile; fileRef = A59AB90A29A41BD00029EA4E /* ForecastVC.swift */; };
		A5BE3E5B29AA6727001711DD /* View+Extension.swift in Sources */ = {isa = PBXBuildFile; fileRef = A5BE3E5A29AA6727001711DD /* View+Extension.swift */; };
		A5D46C2029AF8A24001EC0B2 /* OneCallAPIData.swift in Sources */ = {isa = PBXBuildFile; fileRef = A5D46C1F29AF8A24001EC0B2 /* OneCallAPIData.swift */; };
		A5D46C2229AF9C07001EC0B2 /* Int+Extension.swift in Sources */ = {isa = PBXBuildFile; fileRef = A5D46C2129AF9C07001EC0B2 /* Int+Extension.swift */; };
		A5E8869D29A6569900217C1B /* WeatherData.swift in Sources */ = {isa = PBXBuildFile; fileRef = A5E8869C29A6569900217C1B /* WeatherData.swift */; };
		A5E8869F29A656AA00217C1B /* WeatherManager.swift in Sources */ = {isa = PBXBuildFile; fileRef = A5E8869E29A656AA00217C1B /* WeatherManager.swift */; };
		A5E886A229A6630F00217C1B /* WeatherError.swift in Sources */ = {isa = PBXBuildFile; fileRef = A5E886A129A6630F00217C1B /* WeatherError.swift */; };
		A5E886A429A6634400217C1B /* WeatherDataFailure.swift in Sources */ = {isa = PBXBuildFile; fileRef = A5E886A329A6634400217C1B /* WeatherDataFailure.swift */; };
		A5E886A729A6665100217C1B /* Loaf in Frameworks */ = {isa = PBXBuildFile; productRef = A5E886A629A6665100217C1B /* Loaf */; };
/* End PBXBuildFile section */

/* Begin PBXFileReference section */
		A51FCCBA29A78DB900619400 /* Double+Extension.swift */ = {isa = PBXFileReference; lastKnownFileType = sourcecode.swift; path = "Double+Extension.swift"; sourceTree = "<group>"; };
		A51FCCBD29A78F8700619400 /* WeatherViewControllerDelegate.swift */ = {isa = PBXFileReference; lastKnownFileType = sourcecode.swift; path = WeatherViewControllerDelegate.swift; sourceTree = "<group>"; };
		A530AFB229AE7DC20052A1A2 /* ForecastCollectionViewCell.swift */ = {isa = PBXFileReference; lastKnownFileType = sourcecode.swift; path = ForecastCollectionViewCell.swift; sourceTree = "<group>"; };
		A54D09282996EFDF007CF531 /* Weather.app */ = {isa = PBXFileReference; explicitFileType = wrapper.application; includeInIndex = 0; path = Weather.app; sourceTree = BUILT_PRODUCTS_DIR; };
		A54D092B2996EFDF007CF531 /* AppDelegate.swift */ = {isa = PBXFileReference; lastKnownFileType = sourcecode.swift; path = AppDelegate.swift; sourceTree = "<group>"; };
		A54D092D2996EFDF007CF531 /* SceneDelegate.swift */ = {isa = PBXFileReference; lastKnownFileType = sourcecode.swift; path = SceneDelegate.swift; sourceTree = "<group>"; };
		A54D092F2996EFDF007CF531 /* ViewController.swift */ = {isa = PBXFileReference; lastKnownFileType = sourcecode.swift; path = ViewController.swift; sourceTree = "<group>"; };
		A54D09322996EFDF007CF531 /* Base */ = {isa = PBXFileReference; lastKnownFileType = file.storyboard; name = Base; path = Base.lproj/Main.storyboard; sourceTree = "<group>"; };
		A54D09342996EFE0007CF531 /* Assets.xcassets */ = {isa = PBXFileReference; lastKnownFileType = folder.assetcatalog; path = Assets.xcassets; sourceTree = "<group>"; };
		A54D09372996EFE0007CF531 /* Base */ = {isa = PBXFileReference; lastKnownFileType = file.storyboard; name = Base; path = Base.lproj/LaunchScreen.storyboard; sourceTree = "<group>"; };
		A54D09392996EFE0007CF531 /* Info.plist */ = {isa = PBXFileReference; lastKnownFileType = text.plist.xml; path = Info.plist; sourceTree = "<group>"; };
		A59AB90129A3E79A0029EA4E /* locationMarker.json */ = {isa = PBXFileReference; fileEncoding = 4; lastKnownFileType = text.json; path = locationMarker.json; sourceTree = "<group>"; };
		A59AB90629A3FEB50029EA4E /* launchScreen.json */ = {isa = PBXFileReference; fileEncoding = 4; lastKnownFileType = text.json; path = launchScreen.json; sourceTree = "<group>"; };
		A59AB90A29A41BD00029EA4E /* ForecastVC.swift */ = {isa = PBXFileReference; lastKnownFileType = sourcecode.swift; path = ForecastVC.swift; sourceTree = "<group>"; };
		A5BE3E5A29AA6727001711DD /* View+Extension.swift */ = {isa = PBXFileReference; lastKnownFileType = sourcecode.swift; path = "View+Extension.swift"; sourceTree = "<group>"; };
		A5D46C1F29AF8A24001EC0B2 /* OneCallAPIData.swift */ = {isa = PBXFileReference; lastKnownFileType = sourcecode.swift; path = OneCallAPIData.swift; sourceTree = "<group>"; };
		A5D46C2129AF9C07001EC0B2 /* Int+Extension.swift */ = {isa = PBXFileReference; lastKnownFileType = sourcecode.swift; path = "Int+Extension.swift"; sourceTree = "<group>"; };
		A5E8869C29A6569900217C1B /* WeatherData.swift */ = {isa = PBXFileReference; lastKnownFileType = sourcecode.swift; path = WeatherData.swift; sourceTree = "<group>"; };
		A5E8869E29A656AA00217C1B /* WeatherManager.swift */ = {isa = PBXFileReference; lastKnownFileType = sourcecode.swift; path = WeatherManager.swift; sourceTree = "<group>"; };
		A5E886A129A6630F00217C1B /* WeatherError.swift */ = {isa = PBXFileReference; lastKnownFileType = sourcecode.swift; path = WeatherError.swift; sourceTree = "<group>"; };
		A5E886A329A6634400217C1B /* WeatherDataFailure.swift */ = {isa = PBXFileReference; lastKnownFileType = sourcecode.swift; path = WeatherDataFailure.swift; sourceTree = "<group>"; };
/* End PBXFileReference section */

/* Begin PBXFrameworksBuildPhase section */
		A54D09252996EFDF007CF531 /* Frameworks */ = {
			isa = PBXFrameworksBuildPhase;
			buildActionMask = 2147483647;
			files = (
				A55A939E2997D2580004532B /* Alamofire in Frameworks */,
				A59AB90529A3E7C50029EA4E /* Lottie in Frameworks */,
				A530AFBA29AE90A40052A1A2 /* SwiftyJSON in Frameworks */,
				A5E886A729A6665100217C1B /* Loaf in Frameworks */,
			);
			runOnlyForDeploymentPostprocessing = 0;
		};
/* End PBXFrameworksBuildPhase section */

/* Begin PBXGroup section */
		A51FCCB929A78DA700619400 /* Extensions */ = {
			isa = PBXGroup;
			children = (
				A51FCCBA29A78DB900619400 /* Double+Extension.swift */,
				A5D46C2129AF9C07001EC0B2 /* Int+Extension.swift */,
				A5BE3E5A29AA6727001711DD /* View+Extension.swift */,
			);
			path = Extensions;
			sourceTree = "<group>";
		};
		A51FCCBC29A78F7300619400 /* Protocol */ = {
			isa = PBXGroup;
			children = (
				A51FCCBD29A78F8700619400 /* WeatherViewControllerDelegate.swift */,
			);
			path = Protocol;
			sourceTree = "<group>";
		};
		A54D091F2996EFDF007CF531 = {
			isa = PBXGroup;
			children = (
				A54D092A2996EFDF007CF531 /* Weather */,
				A54D09292996EFDF007CF531 /* Products */,
			);
			sourceTree = "<group>";
		};
		A54D09292996EFDF007CF531 /* Products */ = {
			isa = PBXGroup;
			children = (
				A54D09282996EFDF007CF531 /* Weather.app */,
			);
			name = Products;
			sourceTree = "<group>";
		};
		A54D092A2996EFDF007CF531 /* Weather */ = {
			isa = PBXGroup;
			children = (
				A54D093F2996F049007CF531 /* Assets */,
				A59AB90029A3E77E0029EA4E /* Animations */,
				A51FCCBC29A78F7300619400 /* Protocol */,
				A5E886A029A662FE00217C1B /* Enums */,
				A51FCCB929A78DA700619400 /* Extensions */,
				A5E8869A29A6565000217C1B /* Model */,
				A5E8869B29A6566100217C1B /* Manager */,
				A54D09412996F066007CF531 /* Controllers */,
				A54D09422996F073007CF531 /* Storyboards */,
				A54D09402996F055007CF531 /* Supported Files */,
				A54D09392996EFE0007CF531 /* Info.plist */,
			);
			path = Weather;
			sourceTree = "<group>";
		};
		A54D093F2996F049007CF531 /* Assets */ = {
			isa = PBXGroup;
			children = (
				A54D09342996EFE0007CF531 /* Assets.xcassets */,
			);
			path = Assets;
			sourceTree = "<group>";
		};
		A54D09402996F055007CF531 /* Supported Files */ = {
			isa = PBXGroup;
			children = (
				A54D092B2996EFDF007CF531 /* AppDelegate.swift */,
				A54D092D2996EFDF007CF531 /* SceneDelegate.swift */,
			);
			path = "Supported Files";
			sourceTree = "<group>";
		};
		A54D09412996F066007CF531 /* Controllers */ = {
			isa = PBXGroup;
			children = (
				A54D092F2996EFDF007CF531 /* ViewController.swift */,
				A59AB90A29A41BD00029EA4E /* ForecastVC.swift */,
				A530AFB229AE7DC20052A1A2 /* ForecastCollectionViewCell.swift */,
			);
			path = Controllers;
			sourceTree = "<group>";
		};
		A54D09422996F073007CF531 /* Storyboards */ = {
			isa = PBXGroup;
			children = (
				A54D09312996EFDF007CF531 /* Main.storyboard */,
				A54D09362996EFE0007CF531 /* LaunchScreen.storyboard */,
			);
			path = Storyboards;
			sourceTree = "<group>";
		};
		A59AB90029A3E77E0029EA4E /* Animations */ = {
			isa = PBXGroup;
			children = (
				A59AB90129A3E79A0029EA4E /* locationMarker.json */,
				A59AB90629A3FEB50029EA4E /* launchScreen.json */,
			);
			path = Animations;
			sourceTree = "<group>";
		};
		A5E8869A29A6565000217C1B /* Model */ = {
			isa = PBXGroup;
			children = (
				A5E8869C29A6569900217C1B /* WeatherData.swift */,
				A5D46C1F29AF8A24001EC0B2 /* OneCallAPIData.swift */,
				A5E886A329A6634400217C1B /* WeatherDataFailure.swift */,
			);
			path = Model;
			sourceTree = "<group>";
		};
		A5E8869B29A6566100217C1B /* Manager */ = {
			isa = PBXGroup;
			children = (
				A5E8869E29A656AA00217C1B /* WeatherManager.swift */,
			);
			path = Manager;
			sourceTree = "<group>";
		};
		A5E886A029A662FE00217C1B /* Enums */ = {
			isa = PBXGroup;
			children = (
				A5E886A129A6630F00217C1B /* WeatherError.swift */,
			);
			path = Enums;
			sourceTree = "<group>";
		};
/* End PBXGroup section */

/* Begin PBXNativeTarget section */
		A54D09272996EFDF007CF531 /* Weather */ = {
			isa = PBXNativeTarget;
			buildConfigurationList = A54D093C2996EFE0007CF531 /* Build configuration list for PBXNativeTarget "Weather" */;
			buildPhases = (
				A54D09242996EFDF007CF531 /* Sources */,
				A54D09252996EFDF007CF531 /* Frameworks */,
				A54D09262996EFDF007CF531 /* Resources */,
			);
			buildRules = (
			);
			dependencies = (
			);
			name = Weather;
			packageProductDependencies = (
				A55A939D2997D2580004532B /* Alamofire */,
				A59AB90429A3E7C50029EA4E /* Lottie */,
				A5E886A629A6665100217C1B /* Loaf */,
				A530AFB929AE90A40052A1A2 /* SwiftyJSON */,
			);
			productName = Weather;
			productReference = A54D09282996EFDF007CF531 /* Weather.app */;
			productType = "com.apple.product-type.application";
		};
/* End PBXNativeTarget section */

/* Begin PBXProject section */
		A54D09202996EFDF007CF531 /* Project object */ = {
			isa = PBXProject;
			attributes = {
				BuildIndependentTargetsInParallel = 1;
				LastSwiftUpdateCheck = 1420;
				LastUpgradeCheck = 1420;
				TargetAttributes = {
					A54D09272996EFDF007CF531 = {
						CreatedOnToolsVersion = 14.2;
					};
				};
			};
			buildConfigurationList = A54D09232996EFDF007CF531 /* Build configuration list for PBXProject "Weather" */;
			compatibilityVersion = "Xcode 14.0";
			developmentRegion = en;
			hasScannedForEncodings = 0;
			knownRegions = (
				en,
				Base,
			);
			mainGroup = A54D091F2996EFDF007CF531;
			packageReferences = (
				A55A939C2997D2580004532B /* XCRemoteSwiftPackageReference "Alamofire" */,
				A59AB90329A3E7C50029EA4E /* XCRemoteSwiftPackageReference "lottie-ios" */,
				A5E886A529A6665100217C1B /* XCRemoteSwiftPackageReference "Loaf" */,
				A530AFB829AE90A40052A1A2 /* XCRemoteSwiftPackageReference "SwiftyJSON" */,
			);
			productRefGroup = A54D09292996EFDF007CF531 /* Products */;
			projectDirPath = "";
			projectRoot = "";
			targets = (
				A54D09272996EFDF007CF531 /* Weather */,
			);
		};
/* End PBXProject section */

/* Begin PBXResourcesBuildPhase section */
		A54D09262996EFDF007CF531 /* Resources */ = {
			isa = PBXResourcesBuildPhase;
			buildActionMask = 2147483647;
			files = (
				A54D09382996EFE0007CF531 /* LaunchScreen.storyboard in Resources */,
				A54D09352996EFE0007CF531 /* Assets.xcassets in Resources */,
				A59AB90229A3E79A0029EA4E /* locationMarker.json in Resources */,
				A59AB90729A3FEB50029EA4E /* launchScreen.json in Resources */,
				A54D09332996EFDF007CF531 /* Main.storyboard in Resources */,
			);
			runOnlyForDeploymentPostprocessing = 0;
		};
/* End PBXResourcesBuildPhase section */

/* Begin PBXSourcesBuildPhase section */
		A54D09242996EFDF007CF531 /* Sources */ = {
			isa = PBXSourcesBuildPhase;
			buildActionMask = 2147483647;
			files = (
				A54D09302996EFDF007CF531 /* ViewController.swift in Sources */,
				A5D46C2229AF9C07001EC0B2 /* Int+Extension.swift in Sources */,
				A54D092C2996EFDF007CF531 /* AppDelegate.swift in Sources */,
				A530AFB329AE7DC20052A1A2 /* ForecastCollectionViewCell.swift in Sources */,
				A5E886A429A6634400217C1B /* WeatherDataFailure.swift in Sources */,
				A5E8869F29A656AA00217C1B /* WeatherManager.swift in Sources */,
				A59AB90B29A41BD00029EA4E /* ForecastVC.swift in Sources */,
				A54D092E2996EFDF007CF531 /* SceneDelegate.swift in Sources */,
				A5D46C2029AF8A24001EC0B2 /* OneCallAPIData.swift in Sources */,
				A5E8869D29A6569900217C1B /* WeatherData.swift in Sources */,
				A51FCCBE29A78F8700619400 /* WeatherViewControllerDelegate.swift in Sources */,
				A51FCCBB29A78DB900619400 /* Double+Extension.swift in Sources */,
				A5BE3E5B29AA6727001711DD /* View+Extension.swift in Sources */,
				A5E886A229A6630F00217C1B /* WeatherError.swift in Sources */,
			);
			runOnlyForDeploymentPostprocessing = 0;
		};
/* End PBXSourcesBuildPhase section */

/* Begin PBXVariantGroup section */
		A54D09312996EFDF007CF531 /* Main.storyboard */ = {
			isa = PBXVariantGroup;
			children = (
				A54D09322996EFDF007CF531 /* Base */,
			);
			name = Main.storyboard;
			sourceTree = "<group>";
		};
		A54D09362996EFE0007CF531 /* LaunchScreen.storyboard */ = {
			isa = PBXVariantGroup;
			children = (
				A54D09372996EFE0007CF531 /* Base */,
			);
			name = LaunchScreen.storyboard;
			sourceTree = "<group>";
		};
/* End PBXVariantGroup section */

/* Begin XCBuildConfiguration section */
		A54D093A2996EFE0007CF531 /* Debug */ = {
			isa = XCBuildConfiguration;
			buildSettings = {
				ALWAYS_SEARCH_USER_PATHS = NO;
				CLANG_ANALYZER_NONNULL = YES;
				CLANG_ANALYZER_NUMBER_OBJECT_CONVERSION = YES_AGGRESSIVE;
				CLANG_CXX_LANGUAGE_STANDARD = "gnu++20";
				CLANG_ENABLE_MODULES = YES;
				CLANG_ENABLE_OBJC_ARC = YES;
				CLANG_ENABLE_OBJC_WEAK = YES;
				CLANG_WARN_BLOCK_CAPTURE_AUTORELEASING = YES;
				CLANG_WARN_BOOL_CONVERSION = YES;
				CLANG_WARN_COMMA = YES;
				CLANG_WARN_CONSTANT_CONVERSION = YES;
				CLANG_WARN_DEPRECATED_OBJC_IMPLEMENTATIONS = YES;
				CLANG_WARN_DIRECT_OBJC_ISA_USAGE = YES_ERROR;
				CLANG_WARN_DOCUMENTATION_COMMENTS = YES;
				CLANG_WARN_EMPTY_BODY = YES;
				CLANG_WARN_ENUM_CONVERSION = YES;
				CLANG_WARN_INFINITE_RECURSION = YES;
				CLANG_WARN_INT_CONVERSION = YES;
				CLANG_WARN_NON_LITERAL_NULL_CONVERSION = YES;
				CLANG_WARN_OBJC_IMPLICIT_RETAIN_SELF = YES;
				CLANG_WARN_OBJC_LITERAL_CONVERSION = YES;
				CLANG_WARN_OBJC_ROOT_CLASS = YES_ERROR;
				CLANG_WARN_QUOTED_INCLUDE_IN_FRAMEWORK_HEADER = YES;
				CLANG_WARN_RANGE_LOOP_ANALYSIS = YES;
				CLANG_WARN_STRICT_PROTOTYPES = YES;
				CLANG_WARN_SUSPICIOUS_MOVE = YES;
				CLANG_WARN_UNGUARDED_AVAILABILITY = YES_AGGRESSIVE;
				CLANG_WARN_UNREACHABLE_CODE = YES;
				CLANG_WARN__DUPLICATE_METHOD_MATCH = YES;
				COPY_PHASE_STRIP = NO;
				DEBUG_INFORMATION_FORMAT = dwarf;
				ENABLE_STRICT_OBJC_MSGSEND = YES;
				ENABLE_TESTABILITY = YES;
				GCC_C_LANGUAGE_STANDARD = gnu11;
				GCC_DYNAMIC_NO_PIC = NO;
				GCC_NO_COMMON_BLOCKS = YES;
				GCC_OPTIMIZATION_LEVEL = 0;
				GCC_PREPROCESSOR_DEFINITIONS = (
					"DEBUG=1",
					"$(inherited)",
				);
				GCC_WARN_64_TO_32_BIT_CONVERSION = YES;
				GCC_WARN_ABOUT_RETURN_TYPE = YES_ERROR;
				GCC_WARN_UNDECLARED_SELECTOR = YES;
				GCC_WARN_UNINITIALIZED_AUTOS = YES_AGGRESSIVE;
				GCC_WARN_UNUSED_FUNCTION = YES;
				GCC_WARN_UNUSED_VARIABLE = YES;
				IPHONEOS_DEPLOYMENT_TARGET = 16.2;
				MTL_ENABLE_DEBUG_INFO = INCLUDE_SOURCE;
				MTL_FAST_MATH = YES;
				ONLY_ACTIVE_ARCH = YES;
				SDKROOT = iphoneos;
				SWIFT_ACTIVE_COMPILATION_CONDITIONS = DEBUG;
				SWIFT_OPTIMIZATION_LEVEL = "-Onone";
			};
			name = Debug;
		};
		A54D093B2996EFE0007CF531 /* Release */ = {
			isa = XCBuildConfiguration;
			buildSettings = {
				ALWAYS_SEARCH_USER_PATHS = NO;
				CLANG_ANALYZER_NONNULL = YES;
				CLANG_ANALYZER_NUMBER_OBJECT_CONVERSION = YES_AGGRESSIVE;
				CLANG_CXX_LANGUAGE_STANDARD = "gnu++20";
				CLANG_ENABLE_MODULES = YES;
				CLANG_ENABLE_OBJC_ARC = YES;
				CLANG_ENABLE_OBJC_WEAK = YES;
				CLANG_WARN_BLOCK_CAPTURE_AUTORELEASING = YES;
				CLANG_WARN_BOOL_CONVERSION = YES;
				CLANG_WARN_COMMA = YES;
				CLANG_WARN_CONSTANT_CONVERSION = YES;
				CLANG_WARN_DEPRECATED_OBJC_IMPLEMENTATIONS = YES;
				CLANG_WARN_DIRECT_OBJC_ISA_USAGE = YES_ERROR;
				CLANG_WARN_DOCUMENTATION_COMMENTS = YES;
				CLANG_WARN_EMPTY_BODY = YES;
				CLANG_WARN_ENUM_CONVERSION = YES;
				CLANG_WARN_INFINITE_RECURSION = YES;
				CLANG_WARN_INT_CONVERSION = YES;
				CLANG_WARN_NON_LITERAL_NULL_CONVERSION = YES;
				CLANG_WARN_OBJC_IMPLICIT_RETAIN_SELF = YES;
				CLANG_WARN_OBJC_LITERAL_CONVERSION = YES;
				CLANG_WARN_OBJC_ROOT_CLASS = YES_ERROR;
				CLANG_WARN_QUOTED_INCLUDE_IN_FRAMEWORK_HEADER = YES;
				CLANG_WARN_RANGE_LOOP_ANALYSIS = YES;
				CLANG_WARN_STRICT_PROTOTYPES = YES;
				CLANG_WARN_SUSPICIOUS_MOVE = YES;
				CLANG_WARN_UNGUARDED_AVAILABILITY = YES_AGGRESSIVE;
				CLANG_WARN_UNREACHABLE_CODE = YES;
				CLANG_WARN__DUPLICATE_METHOD_MATCH = YES;
				COPY_PHASE_STRIP = NO;
				DEBUG_INFORMATION_FORMAT = "dwarf-with-dsym";
				ENABLE_NS_ASSERTIONS = NO;
				ENABLE_STRICT_OBJC_MSGSEND = YES;
				GCC_C_LANGUAGE_STANDARD = gnu11;
				GCC_NO_COMMON_BLOCKS = YES;
				GCC_WARN_64_TO_32_BIT_CONVERSION = YES;
				GCC_WARN_ABOUT_RETURN_TYPE = YES_ERROR;
				GCC_WARN_UNDECLARED_SELECTOR = YES;
				GCC_WARN_UNINITIALIZED_AUTOS = YES_AGGRESSIVE;
				GCC_WARN_UNUSED_FUNCTION = YES;
				GCC_WARN_UNUSED_VARIABLE = YES;
				IPHONEOS_DEPLOYMENT_TARGET = 16.2;
				MTL_ENABLE_DEBUG_INFO = NO;
				MTL_FAST_MATH = YES;
				SDKROOT = iphoneos;
				SWIFT_COMPILATION_MODE = wholemodule;
				SWIFT_OPTIMIZATION_LEVEL = "-O";
				VALIDATE_PRODUCT = YES;
			};
			name = Release;
		};
		A54D093D2996EFE0007CF531 /* Debug */ = {
			isa = XCBuildConfiguration;
			buildSettings = {
				ASSETCATALOG_COMPILER_APPICON_NAME = AppIcon;
				ASSETCATALOG_COMPILER_GLOBAL_ACCENT_COLOR_NAME = AccentColor;
				CODE_SIGN_STYLE = Automatic;
				CURRENT_PROJECT_VERSION = 1;
				DEVELOPMENT_TEAM = NW6K64987Z;
				GENERATE_INFOPLIST_FILE = YES;
				INFOPLIST_FILE = Weather/Info.plist;
				INFOPLIST_KEY_CFBundleDisplayName = MoonUpHill;
				INFOPLIST_KEY_LSApplicationCategoryType = "public.app-category.weather";
				INFOPLIST_KEY_NSLocationWhenInUseUsageDescription = "Your location is required to show your local weather.";
				INFOPLIST_KEY_UIApplicationSupportsIndirectInputEvents = YES;
				INFOPLIST_KEY_UILaunchStoryboardName = LaunchScreen.storyboard;
				INFOPLIST_KEY_UIMainStoryboardFile = Main;
				INFOPLIST_KEY_UIRequiresFullScreen = YES;
				INFOPLIST_KEY_UIStatusBarStyle = "";
				INFOPLIST_KEY_UISupportedInterfaceOrientations = UIInterfaceOrientationPortrait;
				INFOPLIST_KEY_UISupportedInterfaceOrientations_iPad = "UIInterfaceOrientationPortrait UIInterfaceOrientationPortraitUpsideDown";
				IPHONEOS_DEPLOYMENT_TARGET = 16.2;
				LD_RUNPATH_SEARCH_PATHS = (
					"$(inherited)",
					"@executable_path/Frameworks",
				);
				MARKETING_VERSION = 1.0;
				PRODUCT_BUNDLE_IDENTIFIER = com.K.Weather;
				PRODUCT_NAME = "$(TARGET_NAME)";
				SUPPORTED_PLATFORMS = "iphoneos iphonesimulator";
				SUPPORTS_MACCATALYST = NO;
				SUPPORTS_MAC_DESIGNED_FOR_IPHONE_IPAD = NO;
				SWIFT_EMIT_LOC_STRINGS = YES;
				SWIFT_VERSION = 5.0;
				TARGETED_DEVICE_FAMILY = "1,2";
			};
			name = Debug;
		};
		A54D093E2996EFE0007CF531 /* Release */ = {
			isa = XCBuildConfiguration;
			buildSettings = {
				ASSETCATALOG_COMPILER_APPICON_NAME = AppIcon;
				ASSETCATALOG_COMPILER_GLOBAL_ACCENT_COLOR_NAME = AccentColor;
				CODE_SIGN_STYLE = Automatic;
				CURRENT_PROJECT_VERSION = 1;
				DEVELOPMENT_TEAM = NW6K64987Z;
				GENERATE_INFOPLIST_FILE = YES;
				INFOPLIST_FILE = Weather/Info.plist;
				INFOPLIST_KEY_CFBundleDisplayName = MoonUpHill;
				INFOPLIST_KEY_LSApplicationCategoryType = "public.app-category.weather";
				INFOPLIST_KEY_NSLocationWhenInUseUsageDescription = "Your location is required to show your local weather.";
				INFOPLIST_KEY_UIApplicationSupportsIndirectInputEvents = YES;
				INFOPLIST_KEY_UILaunchStoryboardName = LaunchScreen.storyboard;
				INFOPLIST_KEY_UIMainStoryboardFile = Main;
				INFOPLIST_KEY_UIRequiresFullScreen = YES;
				INFOPLIST_KEY_UIStatusBarStyle = "";
				INFOPLIST_KEY_UISupportedInterfaceOrientations = UIInterfaceOrientationPortrait;
				INFOPLIST_KEY_UISupportedInterfaceOrientations_iPad = "UIInterfaceOrientationPortrait UIInterfaceOrientationPortraitUpsideDown";
				IPHONEOS_DEPLOYMENT_TARGET = 16.2;
				LD_RUNPATH_SEARCH_PATHS = (
					"$(inherited)",
					"@executable_path/Frameworks",
				);
				MARKETING_VERSION = 1.0;
				PRODUCT_BUNDLE_IDENTIFIER = com.K.Weather;
				PRODUCT_NAME = "$(TARGET_NAME)";
				SUPPORTED_PLATFORMS = "iphoneos iphonesimulator";
				SUPPORTS_MACCATALYST = NO;
				SUPPORTS_MAC_DESIGNED_FOR_IPHONE_IPAD = NO;
				SWIFT_EMIT_LOC_STRINGS = YES;
				SWIFT_VERSION = 5.0;
				TARGETED_DEVICE_FAMILY = "1,2";
			};
			name = Release;
		};
/* End XCBuildConfiguration section */

/* Begin XCConfigurationList section */
		A54D09232996EFDF007CF531 /* Build configuration list for PBXProject "Weather" */ = {
			isa = XCConfigurationList;
			buildConfigurations = (
				A54D093A2996EFE0007CF531 /* Debug */,
				A54D093B2996EFE0007CF531 /* Release */,
			);
			defaultConfigurationIsVisible = 0;
			defaultConfigurationName = Release;
		};
		A54D093C2996EFE0007CF531 /* Build configuration list for PBXNativeTarget "Weather" */ = {
			isa = XCConfigurationList;
			buildConfigurations = (
				A54D093D2996EFE0007CF531 /* Debug */,
				A54D093E2996EFE0007CF531 /* Release */,
			);
			defaultConfigurationIsVisible = 0;
			defaultConfigurationName = Release;
		};
/* End XCConfigurationList section */

/* Begin XCRemoteSwiftPackageReference section */
		A530AFB829AE90A40052A1A2 /* XCRemoteSwiftPackageReference "SwiftyJSON" */ = {
			isa = XCRemoteSwiftPackageReference;
			repositoryURL = "https://github.com/SwiftyJSON/SwiftyJSON";
			requirement = {
				kind = upToNextMajorVersion;
				minimumVersion = 5.0.0;
			};
		};
		A55A939C2997D2580004532B /* XCRemoteSwiftPackageReference "Alamofire" */ = {
			isa = XCRemoteSwiftPackageReference;
			repositoryURL = "https://github.com/Alamofire/Alamofire";
			requirement = {
				kind = upToNextMajorVersion;
				minimumVersion = 5.0.0;
			};
		};
		A59AB90329A3E7C50029EA4E /* XCRemoteSwiftPackageReference "lottie-ios" */ = {
			isa = XCRemoteSwiftPackageReference;
			repositoryURL = "https://github.com/airbnb/lottie-ios";
			requirement = {
				kind = upToNextMajorVersion;
				minimumVersion = 4.0.0;
			};
		};
		A5E886A529A6665100217C1B /* XCRemoteSwiftPackageReference "Loaf" */ = {
			isa = XCRemoteSwiftPackageReference;
			repositoryURL = "https://github.com/schmidyy/Loaf";
			requirement = {
				kind = upToNextMajorVersion;
				minimumVersion = 0.7.0;
			};
		};
/* End XCRemoteSwiftPackageReference section */

/* Begin XCSwiftPackageProductDependency section */
		A530AFB929AE90A40052A1A2 /* SwiftyJSON */ = {
			isa = XCSwiftPackageProductDependency;
			package = A530AFB829AE90A40052A1A2 /* XCRemoteSwiftPackageReference "SwiftyJSON" */;
			productName = SwiftyJSON;
		};
		A55A939D2997D2580004532B /* Alamofire */ = {
			isa = XCSwiftPackageProductDependency;
			package = A55A939C2997D2580004532B /* XCRemoteSwiftPackageReference "Alamofire" */;
			productName = Alamofire;
		};
		A59AB90429A3E7C50029EA4E /* Lottie */ = {
			isa = XCSwiftPackageProductDependency;
			package = A59AB90329A3E7C50029EA4E /* XCRemoteSwiftPackageReference "lottie-ios" */;
			productName = Lottie;
		};
		A5E886A629A6665100217C1B /* Loaf */ = {
			isa = XCSwiftPackageProductDependency;
			package = A5E886A529A6665100217C1B /* XCRemoteSwiftPackageReference "Loaf" */;
			productName = Loaf;
		};
/* End XCSwiftPackageProductDependency section */
	};
	rootObject = A54D09202996EFDF007CF531 /* Project object */;
}
